
Microsoft Visual Studio Solution File, Format Version 12.00
# Visual Studio Version 17
VisualStudioVersion = 17.3.32825.248
MinimumVisualStudioVersion = 10.0.40219.1
Project("{FAE04EC0-301F-11D3-BF4B-00C04F79EFBC}") = "MyDevOpsProject", "MyDevOpsProject\MyDevOpsProject.csproj", "{1BAF439C-DFBC-424C-BCCF-C4FB036807AE}"
EndProject
Project("{FAE04EC0-301F-11D3-BF4B-00C04F79EFBC}") = "MyDevOpsProject.Tests", "MyDevOpsProject.Tests\MyDevOpsProject.Tests.csproj", "{0A294241-2CDC-4883-B075-A80472A27CB6}"
EndProject
Global
	GlobalSection(SolutionConfigurationPlatforms) = preSolution
		Debug|Any CPU = Debug|Any CPU
		Release|Any CPU = Release|Any CPU
	EndGlobalSection
	GlobalSection(ProjectConfigurationPlatforms) = postSolution
		{1BAF439C-DFBC-424C-BCCF-C4FB036807AE}.Debug|Any CPU.ActiveCfg = Debug|Any CPU
		{1BAF439C-DFBC-424C-BCCF-C4FB036807AE}.Debug|Any CPU.Build.0 = Debug|Any CPU
		{1BAF439C-DFBC-424C-BCCF-C4FB036807AE}.Release|Any CPU.ActiveCfg = Release|Any CPU
		{1BAF439C-DFBC-424C-BCCF-C4FB036807AE}.Release|Any CPU.Build.0 = Release|Any CPU
		{0A294241-2CDC-4883-B075-A80472A27CB6}.Debug|Any CPU.ActiveCfg = Debug|Any CPU
		{0A294241-2CDC-4883-B075-A80472A27CB6}.Debug|Any CPU.Build.0 = Debug|Any CPU
		{0A294241-2CDC-4883-B075-A80472A27CB6}.Release|Any CPU.ActiveCfg = Release|Any CPU
		{0A294241-2CDC-4883-B075-A80472A27CB6}.Release|Any CPU.Build.0 = Release|Any CPU
	EndGlobalSection
	GlobalSection(SolutionProperties) = preSolution
		HideSolutionNode = FALSE
	EndGlobalSection
	GlobalSection(ExtensibilityGlobals) = postSolution
		SolutionGuid = {3F6F1C9D-936F-4B0C-9902-8A1E1F515AC9}
	EndGlobalSection
EndGlobal
